
Microsoft Visual Studio Solution File, Format Version 12.00
# Visual Studio Version 17
VisualStudioVersion = 17.6.33801.468
MinimumVisualStudioVersion = 10.0.40219.1
Project("{8BC9CEB8-8B4A-11D0-8D11-00A0C91BC942}") = "Homework STL N4", "Homework STL N4\Homework STL N4.vcxproj", "{595AC227-219C-4403-88BE-073284502984}"
EndProject
Global
	GlobalSection(SolutionConfigurationPlatforms) = preSolution
		Debug|x64 = Debug|x64
		Debug|x86 = Debug|x86
		Release|x64 = Release|x64
		Release|x86 = Release|x86
	EndGlobalSection
	GlobalSection(ProjectConfigurationPlatforms) = postSolution
		{595AC227-219C-4403-88BE-073284502984}.Debug|x64.ActiveCfg = Debug|x64
		{595AC227-219C-4403-88BE-073284502984}.Debug|x64.Build.0 = Debug|x64
		{595AC227-219C-4403-88BE-073284502984}.Debug|x86.ActiveCfg = Debug|Win32
		{595AC227-219C-4403-88BE-073284502984}.Debug|x86.Build.0 = Debug|Win32
		{595AC227-219C-4403-88BE-073284502984}.Release|x64.ActiveCfg = Release|x64
		{595AC227-219C-4403-88BE-073284502984}.Release|x64.Build.0 = Release|x64
		{595AC227-219C-4403-88BE-073284502984}.Release|x86.ActiveCfg = Release|Win32
		{595AC227-219C-4403-88BE-073284502984}.Release|x86.Build.0 = Release|Win32
	EndGlobalSection
	GlobalSection(SolutionProperties) = preSolution
		HideSolutionNode = FALSE
	EndGlobalSection
	GlobalSection(ExtensibilityGlobals) = postSolution
		SolutionGuid = {B70E8FB1-F558-4D09-8045-05B38C2A83BB}
	EndGlobalSection
EndGlobal
